
Microsoft Visual Studio Solution File, Format Version 12.00
# Visual Studio Version 17
VisualStudioVersion = 17.12.35707.178
MinimumVisualStudioVersion = 10.0.40219.1
Project("{2150E333-8FDC-42A3-9474-1A3956D46DE8}") = "Services", "Services", "{B400DAE6-EFBB-4973-9988-1437EB8D9A0D}"
EndProject
Project("{2150E333-8FDC-42A3-9474-1A3956D46DE8}") = "Catalog", "Catalog", "{47E8CCB5-3941-4FE0-A1EC-161893E0DED9}"
EndProject
Project("{FAE04EC0-301F-11D3-BF4B-00C04F79EFBC}") = "Catalog.API", "Services\Catalog\Catalog.API\Catalog.API.csproj", "{B0680734-FC33-4C48-8DB6-7D85A8A0A159}"
EndProject
Project("{2150E333-8FDC-42A3-9474-1A3956D46DE8}") = "BuildingBlocks", "BuildingBlocks", "{ACCCC5E1-0F4A-438B-9865-665F907A72F8}"
EndProject
Project("{FAE04EC0-301F-11D3-BF4B-00C04F79EFBC}") = "BuildingBlocks", "BuildingBlocks\BuildingBlocks\BuildingBlocks.csproj", "{8C5A59FF-5041-4BF8-BE4D-88100E93C4C3}"
EndProject
Project("{E53339B2-1760-4266-BCC7-CA923CBCF16C}") = "docker-compose", "docker-compose.dcproj", "{76ECB4E0-4A6D-474D-BC81-317A710528C5}"
EndProject
Project("{2150E333-8FDC-42A3-9474-1A3956D46DE8}") = "Basket", "Basket", "{92E38005-DA86-4F1A-913C-6B38D44AA73B}"
EndProject
Project("{FAE04EC0-301F-11D3-BF4B-00C04F79EFBC}") = "Basket.API", "Services\Basket\Basket.API\Basket.API.csproj", "{8D3D6011-530D-4A91-8D65-9C92BBE595FD}"
EndProject
Project("{2150E333-8FDC-42A3-9474-1A3956D46DE8}") = "Discount", "Discount", "{6140C287-80CA-402F-9F99-52626DA447D1}"
EndProject
Project("{FAE04EC0-301F-11D3-BF4B-00C04F79EFBC}") = "Discount.gRPC", "Services\Discount\Discount.gRPC\Discount.gRPC.csproj", "{FD3636E4-C321-4EDD-A612-8E59748C5DC3}"
EndProject
Project("{2150E333-8FDC-42A3-9474-1A3956D46DE8}") = "Ordering", "Ordering", "{8DF5E4BB-46D8-46D9-BDD5-F9308C30CA8B}"
EndProject
Project("{FAE04EC0-301F-11D3-BF4B-00C04F79EFBC}") = "Ordering.API", "Services\Ordering\Ordering.API\Ordering.API.csproj", "{911BA0F0-8B51-47DA-95E6-7968C68C5FA1}"
EndProject
Project("{FAE04EC0-301F-11D3-BF4B-00C04F79EFBC}") = "Ordering.Domain", "Services\Ordering\Ordering.Domain\Ordering.Domain.csproj", "{C81003C1-93DC-408C-B761-A8F043C68881}"
EndProject
Project("{FAE04EC0-301F-11D3-BF4B-00C04F79EFBC}") = "Ordering.Application", "Services\Ordering\Ordering.Application\Ordering.Application.csproj", "{5544013A-5B44-4A2E-8027-2FAC1E162F99}"
EndProject
Project("{FAE04EC0-301F-11D3-BF4B-00C04F79EFBC}") = "Ordering.Infrastructure", "Services\Ordering\Ordering.Infrastructure\Ordering.Infrastructure.csproj", "{64FA65A8-3BF3-42F5-8983-8FEF793F3D42}"
EndProject
Global
	GlobalSection(SolutionConfigurationPlatforms) = preSolution
		Debug|Any CPU = Debug|Any CPU
		Release|Any CPU = Release|Any CPU
	EndGlobalSection
	GlobalSection(ProjectConfigurationPlatforms) = postSolution
		{B0680734-FC33-4C48-8DB6-7D85A8A0A159}.Debug|Any CPU.ActiveCfg = Debug|Any CPU
		{B0680734-FC33-4C48-8DB6-7D85A8A0A159}.Debug|Any CPU.Build.0 = Debug|Any CPU
		{B0680734-FC33-4C48-8DB6-7D85A8A0A159}.Release|Any CPU.ActiveCfg = Release|Any CPU
		{B0680734-FC33-4C48-8DB6-7D85A8A0A159}.Release|Any CPU.Build.0 = Release|Any CPU
		{8C5A59FF-5041-4BF8-BE4D-88100E93C4C3}.Debug|Any CPU.ActiveCfg = Debug|Any CPU
		{8C5A59FF-5041-4BF8-BE4D-88100E93C4C3}.Debug|Any CPU.Build.0 = Debug|Any CPU
		{8C5A59FF-5041-4BF8-BE4D-88100E93C4C3}.Release|Any CPU.ActiveCfg = Release|Any CPU
		{8C5A59FF-5041-4BF8-BE4D-88100E93C4C3}.Release|Any CPU.Build.0 = Release|Any CPU
		{76ECB4E0-4A6D-474D-BC81-317A710528C5}.Debug|Any CPU.ActiveCfg = Debug|Any CPU
		{76ECB4E0-4A6D-474D-BC81-317A710528C5}.Debug|Any CPU.Build.0 = Debug|Any CPU
		{76ECB4E0-4A6D-474D-BC81-317A710528C5}.Release|Any CPU.ActiveCfg = Release|Any CPU
		{76ECB4E0-4A6D-474D-BC81-317A710528C5}.Release|Any CPU.Build.0 = Release|Any CPU
		{8D3D6011-530D-4A91-8D65-9C92BBE595FD}.Debug|Any CPU.ActiveCfg = Debug|Any CPU
		{8D3D6011-530D-4A91-8D65-9C92BBE595FD}.Debug|Any CPU.Build.0 = Debug|Any CPU
		{8D3D6011-530D-4A91-8D65-9C92BBE595FD}.Release|Any CPU.ActiveCfg = Release|Any CPU
		{8D3D6011-530D-4A91-8D65-9C92BBE595FD}.Release|Any CPU.Build.0 = Release|Any CPU
		{FD3636E4-C321-4EDD-A612-8E59748C5DC3}.Debug|Any CPU.ActiveCfg = Debug|Any CPU
		{FD3636E4-C321-4EDD-A612-8E59748C5DC3}.Debug|Any CPU.Build.0 = Debug|Any CPU
		{FD3636E4-C321-4EDD-A612-8E59748C5DC3}.Release|Any CPU.ActiveCfg = Release|Any CPU
		{FD3636E4-C321-4EDD-A612-8E59748C5DC3}.Release|Any CPU.Build.0 = Release|Any CPU
		{911BA0F0-8B51-47DA-95E6-7968C68C5FA1}.Debug|Any CPU.ActiveCfg = Debug|Any CPU
		{911BA0F0-8B51-47DA-95E6-7968C68C5FA1}.Debug|Any CPU.Build.0 = Debug|Any CPU
		{911BA0F0-8B51-47DA-95E6-7968C68C5FA1}.Release|Any CPU.ActiveCfg = Release|Any CPU
		{911BA0F0-8B51-47DA-95E6-7968C68C5FA1}.Release|Any CPU.Build.0 = Release|Any CPU
		{C81003C1-93DC-408C-B761-A8F043C68881}.Debug|Any CPU.ActiveCfg = Debug|Any CPU
		{C81003C1-93DC-408C-B761-A8F043C68881}.Debug|Any CPU.Build.0 = Debug|Any CPU
		{C81003C1-93DC-408C-B761-A8F043C68881}.Release|Any CPU.ActiveCfg = Release|Any CPU
		{C81003C1-93DC-408C-B761-A8F043C68881}.Release|Any CPU.Build.0 = Release|Any CPU
		{5544013A-5B44-4A2E-8027-2FAC1E162F99}.Debug|Any CPU.ActiveCfg = Debug|Any CPU
		{5544013A-5B44-4A2E-8027-2FAC1E162F99}.Debug|Any CPU.Build.0 = Debug|Any CPU
		{5544013A-5B44-4A2E-8027-2FAC1E162F99}.Release|Any CPU.ActiveCfg = Release|Any CPU
		{5544013A-5B44-4A2E-8027-2FAC1E162F99}.Release|Any CPU.Build.0 = Release|Any CPU
		{64FA65A8-3BF3-42F5-8983-8FEF793F3D42}.Debug|Any CPU.ActiveCfg = Debug|Any CPU
		{64FA65A8-3BF3-42F5-8983-8FEF793F3D42}.Debug|Any CPU.Build.0 = Debug|Any CPU
		{64FA65A8-3BF3-42F5-8983-8FEF793F3D42}.Release|Any CPU.ActiveCfg = Release|Any CPU
		{64FA65A8-3BF3-42F5-8983-8FEF793F3D42}.Release|Any CPU.Build.0 = Release|Any CPU
	EndGlobalSection
	GlobalSection(SolutionProperties) = preSolution
		HideSolutionNode = FALSE
	EndGlobalSection
	GlobalSection(NestedProjects) = preSolution
		{47E8CCB5-3941-4FE0-A1EC-161893E0DED9} = {B400DAE6-EFBB-4973-9988-1437EB8D9A0D}
		{B0680734-FC33-4C48-8DB6-7D85A8A0A159} = {47E8CCB5-3941-4FE0-A1EC-161893E0DED9}
		{8C5A59FF-5041-4BF8-BE4D-88100E93C4C3} = {ACCCC5E1-0F4A-438B-9865-665F907A72F8}
		{92E38005-DA86-4F1A-913C-6B38D44AA73B} = {B400DAE6-EFBB-4973-9988-1437EB8D9A0D}
		{8D3D6011-530D-4A91-8D65-9C92BBE595FD} = {92E38005-DA86-4F1A-913C-6B38D44AA73B}
		{6140C287-80CA-402F-9F99-52626DA447D1} = {B400DAE6-EFBB-4973-9988-1437EB8D9A0D}
		{FD3636E4-C321-4EDD-A612-8E59748C5DC3} = {6140C287-80CA-402F-9F99-52626DA447D1}
		{8DF5E4BB-46D8-46D9-BDD5-F9308C30CA8B} = {B400DAE6-EFBB-4973-9988-1437EB8D9A0D}
		{911BA0F0-8B51-47DA-95E6-7968C68C5FA1} = {8DF5E4BB-46D8-46D9-BDD5-F9308C30CA8B}
		{C81003C1-93DC-408C-B761-A8F043C68881} = {8DF5E4BB-46D8-46D9-BDD5-F9308C30CA8B}
		{5544013A-5B44-4A2E-8027-2FAC1E162F99} = {8DF5E4BB-46D8-46D9-BDD5-F9308C30CA8B}
		{64FA65A8-3BF3-42F5-8983-8FEF793F3D42} = {8DF5E4BB-46D8-46D9-BDD5-F9308C30CA8B}
	EndGlobalSection
EndGlobal
